// !$*UTF8*$!
{
	archiveVersion = 1;
	classes = {
	};
	objectVersion = 50;
	objects = {

/* Begin PBXBuildFile section */
		9710AD2822F26E34006DC0C1 /* zPositionViewController.m in Sources */ = {isa = PBXBuildFile; fileRef = 9710AD2722F26E34006DC0C1 /* zPositionViewController.m */; };
		971119DC22F3023A00FDE5E0 /* textLayerViewController.m in Sources */ = {isa = PBXBuildFile; fileRef = 971119DB22F3023A00FDE5E0 /* textLayerViewController.m */; };
		9716ED7C22F2C7E600BC6CB3 /* shadowViewController.m in Sources */ = {isa = PBXBuildFile; fileRef = 9716ED7B22F2C7E600BC6CB3 /* shadowViewController.m */; };
		9716ED7F22F2D13300BC6CB3 /* maskViewController.m in Sources */ = {isa = PBXBuildFile; fileRef = 9716ED7E22F2D13300BC6CB3 /* maskViewController.m */; };
		9716ED8222F2E3B000BC6CB3 /* rectPathViewController.m in Sources */ = {isa = PBXBuildFile; fileRef = 9716ED8122F2E3B000BC6CB3 /* rectPathViewController.m */; };
		9716ED8522F2E6AD00BC6CB3 /* gradientLayerViewController.m in Sources */ = {isa = PBXBuildFile; fileRef = 9716ED8422F2E6AD00BC6CB3 /* gradientLayerViewController.m */; };
		974FD1A122F1229200B631BD /* AppDelegate.m in Sources */ = {isa = PBXBuildFile; fileRef = 974FD1A022F1229200B631BD /* AppDelegate.m */; };
		974FD1A422F1229200B631BD /* ViewController.m in Sources */ = {isa = PBXBuildFile; fileRef = 974FD1A322F1229200B631BD /* ViewController.m */; };
		974FD1A722F1229200B631BD /* Main.storyboard in Resources */ = {isa = PBXBuildFile; fileRef = 974FD1A522F1229200B631BD /* Main.storyboard */; };
		974FD1A922F1229300B631BD /* Assets.xcassets in Resources */ = {isa = PBXBuildFile; fileRef = 974FD1A822F1229300B631BD /* Assets.xcassets */; };
		974FD1AC22F1229300B631BD /* LaunchScreen.storyboard in Resources */ = {isa = PBXBuildFile; fileRef = 974FD1AA22F1229300B631BD /* LaunchScreen.storyboard */; };
		974FD1AF22F1229300B631BD /* main.m in Sources */ = {isa = PBXBuildFile; fileRef = 974FD1AE22F1229300B631BD /* main.m */; };
		974FD1B922F1229300B631BD /* CALayerTests.m in Sources */ = {isa = PBXBuildFile; fileRef = 974FD1B822F1229300B631BD /* CALayerTests.m */; };
		974FD1C422F1229300B631BD /* CALayerUITests.m in Sources */ = {isa = PBXBuildFile; fileRef = 974FD1C322F1229300B631BD /* CALayerUITests.m */; };
		974FD1D422F12A8900B631BD /* bigWhite.png in Resources */ = {isa = PBXBuildFile; fileRef = 974FD1D322F12A8900B631BD /* bigWhite.png */; };
/* End PBXBuildFile section */

/* Begin PBXContainerItemProxy section */
		974FD1B522F1229300B631BD /* PBXContainerItemProxy */ = {
			isa = PBXContainerItemProxy;
			containerPortal = 974FD19422F1229200B631BD /* Project object */;
			proxyType = 1;
			remoteGlobalIDString = 974FD19B22F1229200B631BD;
			remoteInfo = CALayer;
		};
		974FD1C022F1229300B631BD /* PBXContainerItemProxy */ = {
			isa = PBXContainerItemProxy;
			containerPortal = 974FD19422F1229200B631BD /* Project object */;
			proxyType = 1;
			remoteGlobalIDString = 974FD19B22F1229200B631BD;
			remoteInfo = CALayer;
		};
/* End PBXContainerItemProxy section */

/* Begin PBXFileReference section */
		9710AD2622F26E34006DC0C1 /* zPositionViewController.h */ = {isa = PBXFileReference; lastKnownFileType = sourcecode.c.h; path = zPositionViewController.h; sourceTree = "<group>"; };
		9710AD2722F26E34006DC0C1 /* zPositionViewController.m */ = {isa = PBXFileReference; lastKnownFileType = sourcecode.c.objc; path = zPositionViewController.m; sourceTree = "<group>"; };
		971119DA22F3023A00FDE5E0 /* textLayerViewController.h */ = {isa = PBXFileReference; lastKnownFileType = sourcecode.c.h; path = textLayerViewController.h; sourceTree = "<group>"; };
		971119DB22F3023A00FDE5E0 /* textLayerViewController.m */ = {isa = PBXFileReference; lastKnownFileType = sourcecode.c.objc; path = textLayerViewController.m; sourceTree = "<group>"; };
		9716ED7A22F2C7E600BC6CB3 /* shadowViewController.h */ = {isa = PBXFileReference; lastKnownFileType = sourcecode.c.h; path = shadowViewController.h; sourceTree = "<group>"; };
		9716ED7B22F2C7E600BC6CB3 /* shadowViewController.m */ = {isa = PBXFileReference; lastKnownFileType = sourcecode.c.objc; path = shadowViewController.m; sourceTree = "<group>"; };
		9716ED7D22F2D13300BC6CB3 /* maskViewController.h */ = {isa = PBXFileReference; lastKnownFileType = sourcecode.c.h; path = maskViewController.h; sourceTree = "<group>"; };
		9716ED7E22F2D13300BC6CB3 /* maskViewController.m */ = {isa = PBXFileReference; lastKnownFileType = sourcecode.c.objc; path = maskViewController.m; sourceTree = "<group>"; };
		9716ED8022F2E3B000BC6CB3 /* rectPathViewController.h */ = {isa = PBXFileReference; lastKnownFileType = sourcecode.c.h; path = rectPathViewController.h; sourceTree = "<group>"; };
		9716ED8122F2E3B000BC6CB3 /* rectPathViewController.m */ = {isa = PBXFileReference; lastKnownFileType = sourcecode.c.objc; path = rectPathViewController.m; sourceTree = "<group>"; };
		9716ED8322F2E6AD00BC6CB3 /* gradientLayerViewController.h */ = {isa = PBXFileReference; lastKnownFileType = sourcecode.c.h; path = gradientLayerViewController.h; sourceTree = "<group>"; };
		9716ED8422F2E6AD00BC6CB3 /* gradientLayerViewController.m */ = {isa = PBXFileReference; lastKnownFileType = sourcecode.c.objc; path = gradientLayerViewController.m; sourceTree = "<group>"; };
		974FD19C22F1229200B631BD /* CALayer.app */ = {isa = PBXFileReference; explicitFileType = wrapper.application; includeInIndex = 0; path = CALayer.app; sourceTree = BUILT_PRODUCTS_DIR; };
		974FD19F22F1229200B631BD /* AppDelegate.h */ = {isa = PBXFileReference; lastKnownFileType = sourcecode.c.h; path = AppDelegate.h; sourceTree = "<group>"; };
		974FD1A022F1229200B631BD /* AppDelegate.m */ = {isa = PBXFileReference; lastKnownFileType = sourcecode.c.objc; path = AppDelegate.m; sourceTree = "<group>"; };
		974FD1A222F1229200B631BD /* ViewController.h */ = {isa = PBXFileReference; lastKnownFileType = sourcecode.c.h; path = ViewController.h; sourceTree = "<group>"; };
		974FD1A322F1229200B631BD /* ViewController.m */ = {isa = PBXFileReference; lastKnownFileType = sourcecode.c.objc; path = ViewController.m; sourceTree = "<group>"; };
		974FD1A622F1229200B631BD /* Base */ = {isa = PBXFileReference; lastKnownFileType = file.storyboard; name = Base; path = Base.lproj/Main.storyboard; sourceTree = "<group>"; };
		974FD1A822F1229300B631BD /* Assets.xcassets */ = {isa = PBXFileReference; lastKnownFileType = folder.assetcatalog; path = Assets.xcassets; sourceTree = "<group>"; };
		974FD1AB22F1229300B631BD /* Base */ = {isa = PBXFileReference; lastKnownFileType = file.storyboard; name = Base; path = Base.lproj/LaunchScreen.storyboard; sourceTree = "<group>"; };
		974FD1AD22F1229300B631BD /* Info.plist */ = {isa = PBXFileReference; lastKnownFileType = text.plist.xml; path = Info.plist; sourceTree = "<group>"; };
		974FD1AE22F1229300B631BD /* main.m */ = {isa = PBXFileReference; lastKnownFileType = sourcecode.c.objc; path = main.m; sourceTree = "<group>"; };
		974FD1B422F1229300B631BD /* CALayerTests.xctest */ = {isa = PBXFileReference; explicitFileType = wrapper.cfbundle; includeInIndex = 0; path = CALayerTests.xctest; sourceTree = BUILT_PRODUCTS_DIR; };
		974FD1B822F1229300B631BD /* CALayerTests.m */ = {isa = PBXFileReference; lastKnownFileType = sourcecode.c.objc; path = CALayerTests.m; sourceTree = "<group>"; };
		974FD1BA22F1229300B631BD /* Info.plist */ = {isa = PBXFileReference; lastKnownFileType = text.plist.xml; path = Info.plist; sourceTree = "<group>"; };
		974FD1BF22F1229300B631BD /* CALayerUITests.xctest */ = {isa = PBXFileReference; explicitFileType = wrapper.cfbundle; includeInIndex = 0; path = CALayerUITests.xctest; sourceTree = BUILT_PRODUCTS_DIR; };
		974FD1C322F1229300B631BD /* CALayerUITests.m */ = {isa = PBXFileReference; lastKnownFileType = sourcecode.c.objc; path = CALayerUITests.m; sourceTree = "<group>"; };
		974FD1C522F1229300B631BD /* Info.plist */ = {isa = PBXFileReference; lastKnownFileType = text.plist.xml; path = Info.plist; sourceTree = "<group>"; };
		974FD1D322F12A8900B631BD /* bigWhite.png */ = {isa = PBXFileReference; lastKnownFileType = image.png; name = bigWhite.png; path = "../../../CALayer学习图/bigWhite.png"; sourceTree = "<group>"; };
/* End PBXFileReference section */

/* Begin PBXFrameworksBuildPhase section */
		974FD19922F1229200B631BD /* Frameworks */ = {
			isa = PBXFrameworksBuildPhase;
			buildActionMask = 2147483647;
			files = (
			);
			runOnlyForDeploymentPostprocessing = 0;
		};
		974FD1B122F1229300B631BD /* Frameworks */ = {
			isa = PBXFrameworksBuildPhase;
			buildActionMask = 2147483647;
			files = (
			);
			runOnlyForDeploymentPostprocessing = 0;
		};
		974FD1BC22F1229300B631BD /* Frameworks */ = {
			isa = PBXFrameworksBuildPhase;
			buildActionMask = 2147483647;
			files = (
			);
			runOnlyForDeploymentPostprocessing = 0;
		};
/* End PBXFrameworksBuildPhase section */

/* Begin PBXGroup section */
		974FD19322F1229100B631BD = {
			isa = PBXGroup;
			children = (
				974FD19E22F1229200B631BD /* CALayer */,
				974FD1B722F1229300B631BD /* CALayerTests */,
				974FD1C222F1229300B631BD /* CALayerUITests */,
				974FD19D22F1229200B631BD /* Products */,
			);
			sourceTree = "<group>";
		};
		974FD19D22F1229200B631BD /* Products */ = {
			isa = PBXGroup;
			children = (
				974FD19C22F1229200B631BD /* CALayer.app */,
				974FD1B422F1229300B631BD /* CALayerTests.xctest */,
				974FD1BF22F1229300B631BD /* CALayerUITests.xctest */,
			);
			name = Products;
			sourceTree = "<group>";
		};
		974FD19E22F1229200B631BD /* CALayer */ = {
			isa = PBXGroup;
			children = (
				974FD1D322F12A8900B631BD /* bigWhite.png */,
				974FD19F22F1229200B631BD /* AppDelegate.h */,
				974FD1A022F1229200B631BD /* AppDelegate.m */,
				974FD1A222F1229200B631BD /* ViewController.h */,
				974FD1A322F1229200B631BD /* ViewController.m */,
				974FD1A522F1229200B631BD /* Main.storyboard */,
				974FD1A822F1229300B631BD /* Assets.xcassets */,
				974FD1AA22F1229300B631BD /* LaunchScreen.storyboard */,
				974FD1AD22F1229300B631BD /* Info.plist */,
				974FD1AE22F1229300B631BD /* main.m */,
				9710AD2622F26E34006DC0C1 /* zPositionViewController.h */,
				9710AD2722F26E34006DC0C1 /* zPositionViewController.m */,
				9716ED7A22F2C7E600BC6CB3 /* shadowViewController.h */,
				9716ED7B22F2C7E600BC6CB3 /* shadowViewController.m */,
				9716ED7D22F2D13300BC6CB3 /* maskViewController.h */,
				9716ED7E22F2D13300BC6CB3 /* maskViewController.m */,
				9716ED8022F2E3B000BC6CB3 /* rectPathViewController.h */,
				9716ED8122F2E3B000BC6CB3 /* rectPathViewController.m */,
				9716ED8322F2E6AD00BC6CB3 /* gradientLayerViewController.h */,
				9716ED8422F2E6AD00BC6CB3 /* gradientLayerViewController.m */,
				971119DA22F3023A00FDE5E0 /* textLayerViewController.h */,
				971119DB22F3023A00FDE5E0 /* textLayerViewController.m */,
			);
			path = CALayer;
			sourceTree = "<group>";
		};
		974FD1B722F1229300B631BD /* CALayerTests */ = {
			isa = PBXGroup;
			children = (
				974FD1B822F1229300B631BD /* CALayerTests.m */,
				974FD1BA22F1229300B631BD /* Info.plist */,
			);
			path = CALayerTests;
			sourceTree = "<group>";
		};
		974FD1C222F1229300B631BD /* CALayerUITests */ = {
			isa = PBXGroup;
			children = (
				974FD1C322F1229300B631BD /* CALayerUITests.m */,
				974FD1C522F1229300B631BD /* Info.plist */,
			);
			path = CALayerUITests;
			sourceTree = "<group>";
		};
/* End PBXGroup section */

/* Begin PBXNativeTarget section */
		974FD19B22F1229200B631BD /* CALayer */ = {
			isa = PBXNativeTarget;
			buildConfigurationList = 974FD1C822F1229300B631BD /* Build configuration list for PBXNativeTarget "CALayer" */;
			buildPhases = (
				974FD19822F1229200B631BD /* Sources */,
				974FD19922F1229200B631BD /* Frameworks */,
				974FD19A22F1229200B631BD /* Resources */,
			);
			buildRules = (
			);
			dependencies = (
			);
			name = CALayer;
			productName = CALayer;
			productReference = 974FD19C22F1229200B631BD /* CALayer.app */;
			productType = "com.apple.product-type.application";
		};
		974FD1B322F1229300B631BD /* CALayerTests */ = {
			isa = PBXNativeTarget;
			buildConfigurationList = 974FD1CB22F1229300B631BD /* Build configuration list for PBXNativeTarget "CALayerTests" */;
			buildPhases = (
				974FD1B022F1229300B631BD /* Sources */,
				974FD1B122F1229300B631BD /* Frameworks */,
				974FD1B222F1229300B631BD /* Resources */,
			);
			buildRules = (
			);
			dependencies = (
				974FD1B622F1229300B631BD /* PBXTargetDependency */,
			);
			name = CALayerTests;
			productName = CALayerTests;
			productReference = 974FD1B422F1229300B631BD /* CALayerTests.xctest */;
			productType = "com.apple.product-type.bundle.unit-test";
		};
		974FD1BE22F1229300B631BD /* CALayerUITests */ = {
			isa = PBXNativeTarget;
			buildConfigurationList = 974FD1CE22F1229300B631BD /* Build configuration list for PBXNativeTarget "CALayerUITests" */;
			buildPhases = (
				974FD1BB22F1229300B631BD /* Sources */,
				974FD1BC22F1229300B631BD /* Frameworks */,
				974FD1BD22F1229300B631BD /* Resources */,
			);
			buildRules = (
			);
			dependencies = (
				974FD1C122F1229300B631BD /* PBXTargetDependency */,
			);
			name = CALayerUITests;
			productName = CALayerUITests;
			productReference = 974FD1BF22F1229300B631BD /* CALayerUITests.xctest */;
			productType = "com.apple.product-type.bundle.ui-testing";
		};
/* End PBXNativeTarget section */

/* Begin PBXProject section */
		974FD19422F1229200B631BD /* Project object */ = {
			isa = PBXProject;
			attributes = {
				LastUpgradeCheck = 1020;
				ORGANIZATIONNAME = "强淑婷";
				TargetAttributes = {
					974FD19B22F1229200B631BD = {
						CreatedOnToolsVersion = 10.2.1;
					};
					974FD1B322F1229300B631BD = {
						CreatedOnToolsVersion = 10.2.1;
						TestTargetID = 974FD19B22F1229200B631BD;
					};
					974FD1BE22F1229300B631BD = {
						CreatedOnToolsVersion = 10.2.1;
						TestTargetID = 974FD19B22F1229200B631BD;
					};
				};
			};
			buildConfigurationList = 974FD19722F1229200B631BD /* Build configuration list for PBXProject "CALayer" */;
			compatibilityVersion = "Xcode 9.3";
			developmentRegion = en;
			hasScannedForEncodings = 0;
			knownRegions = (
				en,
				Base,
			);
			mainGroup = 974FD19322F1229100B631BD;
			productRefGroup = 974FD19D22F1229200B631BD /* Products */;
			projectDirPath = "";
			projectRoot = "";
			targets = (
				974FD19B22F1229200B631BD /* CALayer */,
				974FD1B322F1229300B631BD /* CALayerTests */,
				974FD1BE22F1229300B631BD /* CALayerUITests */,
			);
		};
/* End PBXProject section */

/* Begin PBXResourcesBuildPhase section */
		974FD19A22F1229200B631BD /* Resources */ = {
			isa = PBXResourcesBuildPhase;
			buildActionMask = 2147483647;
			files = (
				974FD1AC22F1229300B631BD /* LaunchScreen.storyboard in Resources */,
				974FD1D422F12A8900B631BD /* bigWhite.png in Resources */,
				974FD1A922F1229300B631BD /* Assets.xcassets in Resources */,
				974FD1A722F1229200B631BD /* Main.storyboard in Resources */,
			);
			runOnlyForDeploymentPostprocessing = 0;
		};
		974FD1B222F1229300B631BD /* Resources */ = {
			isa = PBXResourcesBuildPhase;
			buildActionMask = 2147483647;
			files = (
			);
			runOnlyForDeploymentPostprocessing = 0;
		};
		974FD1BD22F1229300B631BD /* Resources */ = {
			isa = PBXResourcesBuildPhase;
			buildActionMask = 2147483647;
			files = (
			);
			runOnlyForDeploymentPostprocessing = 0;
		};
/* End PBXResourcesBuildPhase section */

/* Begin PBXSourcesBuildPhase section */
		974FD19822F1229200B631BD /* Sources */ = {
			isa = PBXSourcesBuildPhase;
			buildActionMask = 2147483647;
			files = (
				9716ED7F22F2D13300BC6CB3 /* maskViewController.m in Sources */,
				9716ED7C22F2C7E600BC6CB3 /* shadowViewController.m in Sources */,
				9716ED8522F2E6AD00BC6CB3 /* gradientLayerViewController.m in Sources */,
				974FD1A422F1229200B631BD /* ViewController.m in Sources */,
				974FD1AF22F1229300B631BD /* main.m in Sources */,
				9716ED8222F2E3B000BC6CB3 /* rectPathViewController.m in Sources */,
				9710AD2822F26E34006DC0C1 /* zPositionViewController.m in Sources */,
				974FD1A122F1229200B631BD /* AppDelegate.m in Sources */,
				971119DC22F3023A00FDE5E0 /* textLayerViewController.m in Sources */,
			);
			runOnlyForDeploymentPostprocessing = 0;
		};
		974FD1B022F1229300B631BD /* Sources */ = {
			isa = PBXSourcesBuildPhase;
			buildActionMask = 2147483647;
			files = (
				974FD1B922F1229300B631BD /* CALayerTests.m in Sources */,
			);
			runOnlyForDeploymentPostprocessing = 0;
		};
		974FD1BB22F1229300B631BD /* Sources */ = {
			isa = PBXSourcesBuildPhase;
			buildActionMask = 2147483647;
			files = (
				974FD1C422F1229300B631BD /* CALayerUITests.m in Sources */,
			);
			runOnlyForDeploymentPostprocessing = 0;
		};
/* End PBXSourcesBuildPhase section */

/* Begin PBXTargetDependency section */
		974FD1B622F1229300B631BD /* PBXTargetDependency */ = {
			isa = PBXTargetDependency;
			target = 974FD19B22F1229200B631BD /* CALayer */;
			targetProxy = 974FD1B522F1229300B631BD /* PBXContainerItemProxy */;
		};
		974FD1C122F1229300B631BD /* PBXTargetDependency */ = {
			isa = PBXTargetDependency;
			target = 974FD19B22F1229200B631BD /* CALayer */;
			targetProxy = 974FD1C022F1229300B631BD /* PBXContainerItemProxy */;
		};
/* End PBXTargetDependency section */

/* Begin PBXVariantGroup section */
		974FD1A522F1229200B631BD /* Main.storyboard */ = {
			isa = PBXVariantGroup;
			children = (
				974FD1A622F1229200B631BD /* Base */,
			);
			name = Main.storyboard;
			sourceTree = "<group>";
		};
		974FD1AA22F1229300B631BD /* LaunchScreen.storyboard */ = {
			isa = PBXVariantGroup;
			children = (
				974FD1AB22F1229300B631BD /* Base */,
			);
			name = LaunchScreen.storyboard;
			sourceTree = "<group>";
		};
/* End PBXVariantGroup section */

/* Begin XCBuildConfiguration section */
		974FD1C622F1229300B631BD /* Debug */ = {
			isa = XCBuildConfiguration;
			buildSettings = {
				ALWAYS_SEARCH_USER_PATHS = NO;
				CLANG_ANALYZER_NONNULL = YES;
				CLANG_ANALYZER_NUMBER_OBJECT_CONVERSION = YES_AGGRESSIVE;
				CLANG_CXX_LANGUAGE_STANDARD = "gnu++14";
				CLANG_CXX_LIBRARY = "libc++";
				CLANG_ENABLE_MODULES = YES;
				CLANG_ENABLE_OBJC_ARC = YES;
				CLANG_ENABLE_OBJC_WEAK = YES;
				CLANG_WARN_BLOCK_CAPTURE_AUTORELEASING = YES;
				CLANG_WARN_BOOL_CONVERSION = YES;
				CLANG_WARN_COMMA = YES;
				CLANG_WARN_CONSTANT_CONVERSION = YES;
				CLANG_WARN_DEPRECATED_OBJC_IMPLEMENTATIONS = YES;
				CLANG_WARN_DIRECT_OBJC_ISA_USAGE = YES_ERROR;
				CLANG_WARN_DOCUMENTATION_COMMENTS = YES;
				CLANG_WARN_EMPTY_BODY = YES;
				CLANG_WARN_ENUM_CONVERSION = YES;
				CLANG_WARN_INFINITE_RECURSION = YES;
				CLANG_WARN_INT_CONVERSION = YES;
				CLANG_WARN_NON_LITERAL_NULL_CONVERSION = YES;
				CLANG_WARN_OBJC_IMPLICIT_RETAIN_SELF = YES;
				CLANG_WARN_OBJC_LITERAL_CONVERSION = YES;
				CLANG_WARN_OBJC_ROOT_CLASS = YES_ERROR;
				CLANG_WARN_RANGE_LOOP_ANALYSIS = YES;
				CLANG_WARN_STRICT_PROTOTYPES = YES;
				CLANG_WARN_SUSPICIOUS_MOVE = YES;
				CLANG_WARN_UNGUARDED_AVAILABILITY = YES_AGGRESSIVE;
				CLANG_WARN_UNREACHABLE_CODE = YES;
				CLANG_WARN__DUPLICATE_METHOD_MATCH = YES;
				CODE_SIGN_IDENTITY = "iPhone Developer";
				COPY_PHASE_STRIP = NO;
				DEBUG_INFORMATION_FORMAT = dwarf;
				ENABLE_STRICT_OBJC_MSGSEND = YES;
				ENABLE_TESTABILITY = YES;
				GCC_C_LANGUAGE_STANDARD = gnu11;
				GCC_DYNAMIC_NO_PIC = NO;
				GCC_NO_COMMON_BLOCKS = YES;
				GCC_OPTIMIZATION_LEVEL = 0;
				GCC_PREPROCESSOR_DEFINITIONS = (
					"DEBUG=1",
					"$(inherited)",
				);
				GCC_WARN_64_TO_32_BIT_CONVERSION = YES;
				GCC_WARN_ABOUT_RETURN_TYPE = YES_ERROR;
				GCC_WARN_UNDECLARED_SELECTOR = YES;
				GCC_WARN_UNINITIALIZED_AUTOS = YES_AGGRESSIVE;
				GCC_WARN_UNUSED_FUNCTION = YES;
				GCC_WARN_UNUSED_VARIABLE = YES;
				IPHONEOS_DEPLOYMENT_TARGET = 12.2;
				MTL_ENABLE_DEBUG_INFO = INCLUDE_SOURCE;
				MTL_FAST_MATH = YES;
				ONLY_ACTIVE_ARCH = YES;
				SDKROOT = iphoneos;
			};
			name = Debug;
		};
		974FD1C722F1229300B631BD /* Release */ = {
			isa = XCBuildConfiguration;
			buildSettings = {
				ALWAYS_SEARCH_USER_PATHS = NO;
				CLANG_ANALYZER_NONNULL = YES;
				CLANG_ANALYZER_NUMBER_OBJECT_CONVERSION = YES_AGGRESSIVE;
				CLANG_CXX_LANGUAGE_STANDARD = "gnu++14";
				CLANG_CXX_LIBRARY = "libc++";
				CLANG_ENABLE_MODULES = YES;
				CLANG_ENABLE_OBJC_ARC = YES;
				CLANG_ENABLE_OBJC_WEAK = YES;
				CLANG_WARN_BLOCK_CAPTURE_AUTORELEASING = YES;
				CLANG_WARN_BOOL_CONVERSION = YES;
				CLANG_WARN_COMMA = YES;
				CLANG_WARN_CONSTANT_CONVERSION = YES;
				CLANG_WARN_DEPRECATED_OBJC_IMPLEMENTATIONS = YES;
				CLANG_WARN_DIRECT_OBJC_ISA_USAGE = YES_ERROR;
				CLANG_WARN_DOCUMENTATION_COMMENTS = YES;
				CLANG_WARN_EMPTY_BODY = YES;
				CLANG_WARN_ENUM_CONVERSION = YES;
				CLANG_WARN_INFINITE_RECURSION = YES;
				CLANG_WARN_INT_CONVERSION = YES;
				CLANG_WARN_NON_LITERAL_NULL_CONVERSION = YES;
				CLANG_WARN_OBJC_IMPLICIT_RETAIN_SELF = YES;
				CLANG_WARN_OBJC_LITERAL_CONVERSION = YES;
				CLANG_WARN_OBJC_ROOT_CLASS = YES_ERROR;
				CLANG_WARN_RANGE_LOOP_ANALYSIS = YES;
				CLANG_WARN_STRICT_PROTOTYPES = YES;
				CLANG_WARN_SUSPICIOUS_MOVE = YES;
				CLANG_WARN_UNGUARDED_AVAILABILITY = YES_AGGRESSIVE;
				CLANG_WARN_UNREACHABLE_CODE = YES;
				CLANG_WARN__DUPLICATE_METHOD_MATCH = YES;
				CODE_SIGN_IDENTITY = "iPhone Developer";
				COPY_PHASE_STRIP = NO;
				DEBUG_INFORMATION_FORMAT = "dwarf-with-dsym";
				ENABLE_NS_ASSERTIONS = NO;
				ENABLE_STRICT_OBJC_MSGSEND = YES;
				GCC_C_LANGUAGE_STANDARD = gnu11;
				GCC_NO_COMMON_BLOCKS = YES;
				GCC_WARN_64_TO_32_BIT_CONVERSION = YES;
				GCC_WARN_ABOUT_RETURN_TYPE = YES_ERROR;
				GCC_WARN_UNDECLARED_SELECTOR = YES;
				GCC_WARN_UNINITIALIZED_AUTOS = YES_AGGRESSIVE;
				GCC_WARN_UNUSED_FUNCTION = YES;
				GCC_WARN_UNUSED_VARIABLE = YES;
				IPHONEOS_DEPLOYMENT_TARGET = 12.2;
				MTL_ENABLE_DEBUG_INFO = NO;
				MTL_FAST_MATH = YES;
				SDKROOT = iphoneos;
				VALIDATE_PRODUCT = YES;
			};
			name = Release;
		};
		974FD1C922F1229300B631BD /* Debug */ = {
			isa = XCBuildConfiguration;
			buildSettings = {
				ASSETCATALOG_COMPILER_APPICON_NAME = AppIcon;
				CODE_SIGN_STYLE = Automatic;
				DEVELOPMENT_TEAM = MBTAFW6RX9;
				INFOPLIST_FILE = CALayer/Info.plist;
				LD_RUNPATH_SEARCH_PATHS = (
					"$(inherited)",
					"@executable_path/Frameworks",
				);
				PRODUCT_BUNDLE_IDENTIFIER = "-.CALayer";
				PRODUCT_NAME = "$(TARGET_NAME)";
				TARGETED_DEVICE_FAMILY = "1,2";
			};
			name = Debug;
		};
		974FD1CA22F1229300B631BD /* Release */ = {
			isa = XCBuildConfiguration;
			buildSettings = {
				ASSETCATALOG_COMPILER_APPICON_NAME = AppIcon;
				CODE_SIGN_STYLE = Automatic;
				DEVELOPMENT_TEAM = MBTAFW6RX9;
				INFOPLIST_FILE = CALayer/Info.plist;
				LD_RUNPATH_SEARCH_PATHS = (
					"$(inherited)",
					"@executable_path/Frameworks",
				);
				PRODUCT_BUNDLE_IDENTIFIER = "-.CALayer";
				PRODUCT_NAME = "$(TARGET_NAME)";
				TARGETED_DEVICE_FAMILY = "1,2";
			};
			name = Release;
		};
		974FD1CC22F1229300B631BD /* Debug */ = {
			isa = XCBuildConfiguration;
			buildSettings = {
				BUNDLE_LOADER = "$(TEST_HOST)";
				CODE_SIGN_STYLE = Automatic;
				DEVELOPMENT_TEAM = MBTAFW6RX9;
				INFOPLIST_FILE = CALayerTests/Info.plist;
				LD_RUNPATH_SEARCH_PATHS = (
					"$(inherited)",
					"@executable_path/Frameworks",
					"@loader_path/Frameworks",
				);
				PRODUCT_BUNDLE_IDENTIFIER = "-.CALayerTests";
				PRODUCT_NAME = "$(TARGET_NAME)";
				TARGETED_DEVICE_FAMILY = "1,2";
				TEST_HOST = "$(BUILT_PRODUCTS_DIR)/CALayer.app/CALayer";
			};
			name = Debug;
		};
		974FD1CD22F1229300B631BD /* Release */ = {
			isa = XCBuildConfiguration;
			buildSettings = {
				BUNDLE_LOADER = "$(TEST_HOST)";
				CODE_SIGN_STYLE = Automatic;
				DEVELOPMENT_TEAM = MBTAFW6RX9;
				INFOPLIST_FILE = CALayerTests/Info.plist;
				LD_RUNPATH_SEARCH_PATHS = (
					"$(inherited)",
					"@executable_path/Frameworks",
					"@loader_path/Frameworks",
				);
				PRODUCT_BUNDLE_IDENTIFIER = "-.CALayerTests";
				PRODUCT_NAME = "$(TARGET_NAME)";
				TARGETED_DEVICE_FAMILY = "1,2";
				TEST_HOST = "$(BUILT_PRODUCTS_DIR)/CALayer.app/CALayer";
			};
			name = Release;
		};
		974FD1CF22F1229300B631BD /* Debug */ = {
			isa = XCBuildConfiguration;
			buildSettings = {
				CODE_SIGN_STYLE = Automatic;
				DEVELOPMENT_TEAM = MBTAFW6RX9;
				INFOPLIST_FILE = CALayerUITests/Info.plist;
				LD_RUNPATH_SEARCH_PATHS = (
					"$(inherited)",
					"@executable_path/Frameworks",
					"@loader_path/Frameworks",
				);
				PRODUCT_BUNDLE_IDENTIFIER = "-.CALayerUITests";
				PRODUCT_NAME = "$(TARGET_NAME)";
				TARGETED_DEVICE_FAMILY = "1,2";
				TEST_TARGET_NAME = CALayer;
			};
			name = Debug;
		};
		974FD1D022F1229300B631BD /* Release */ = {
			isa = XCBuildConfiguration;
			buildSettings = {
				CODE_SIGN_STYLE = Automatic;
				DEVELOPMENT_TEAM = MBTAFW6RX9;
				INFOPLIST_FILE = CALayerUITests/Info.plist;
				LD_RUNPATH_SEARCH_PATHS = (
					"$(inherited)",
					"@executable_path/Frameworks",
					"@loader_path/Frameworks",
				);
				PRODUCT_BUNDLE_IDENTIFIER = "-.CALayerUITests";
				PRODUCT_NAME = "$(TARGET_NAME)";
				TARGETED_DEVICE_FAMILY = "1,2";
				TEST_TARGET_NAME = CALayer;
			};
			name = Release;
		};
/* End XCBuildConfiguration section */

/* Begin XCConfigurationList section */
		974FD19722F1229200B631BD /* Build configuration list for PBXProject "CALayer" */ = {
			isa = XCConfigurationList;
			buildConfigurations = (
				974FD1C622F1229300B631BD /* Debug */,
				974FD1C722F1229300B631BD /* Release */,
			);
			defaultConfigurationIsVisible = 0;
			defaultConfigurationName = Release;
		};
		974FD1C822F1229300B631BD /* Build configuration list for PBXNativeTarget "CALayer" */ = {
			isa = XCConfigurationList;
			buildConfigurations = (
				974FD1C922F1229300B631BD /* Debug */,
				974FD1CA22F1229300B631BD /* Release */,
			);
			defaultConfigurationIsVisible = 0;
			defaultConfigurationName = Release;
		};
		974FD1CB22F1229300B631BD /* Build configuration list for PBXNativeTarget "CALayerTests" */ = {
			isa = XCConfigurationList;
			buildConfigurations = (
				974FD1CC22F1229300B631BD /* Debug */,
				974FD1CD22F1229300B631BD /* Release */,
			);
			defaultConfigurationIsVisible = 0;
			defaultConfigurationName = Release;
		};
		974FD1CE22F1229300B631BD /* Build configuration list for PBXNativeTarget "CALayerUITests" */ = {
			isa = XCConfigurationList;
			buildConfigurations = (
				974FD1CF22F1229300B631BD /* Debug */,
				974FD1D022F1229300B631BD /* Release */,
			);
			defaultConfigurationIsVisible = 0;
			defaultConfigurationName = Release;
		};
/* End XCConfigurationList section */
	};
	rootObject = 974FD19422F1229200B631BD /* Project object */;
}
